
Microsoft Visual Studio Solution File, Format Version 12.00
# Visual Studio Version 17
VisualStudioVersion = 17.0.31912.275
MinimumVisualStudioVersion = 10.0.40219.1
Project("{9A19103F-16F7-4668-BE54-9A1E7A4F7556}") = "Hik.Client", "src\Hik.Client\Hik.Client.csproj", "{1E49A7B7-1549-4566-84AA-A073179FE013}"
EndProject
Project("{9A19103F-16F7-4668-BE54-9A1E7A4F7556}") = "Hik.Client.Tests", "Tests\Hik.Client.Tests\Hik.Client.Tests.csproj", "{941C4E4E-2898-4A78-AF93-7A7E6EB87DA3}"
EndProject
Project("{9A19103F-16F7-4668-BE54-9A1E7A4F7556}") = "Hik.DataAccess", "src\Hik.DataAccess\Hik.DataAccess.csproj", "{398BC768-99BB-4601-AD47-A987EFFA0252}"
EndProject
Project("{9A19103F-16F7-4668-BE54-9A1E7A4F7556}") = "Hik.Web", "src\Hik.Web\Hik.Web.csproj", "{FB2597F7-3808-4E1A-AC7B-A4426A57AFE7}"
EndProject
Project("{9A19103F-16F7-4668-BE54-9A1E7A4F7556}") = "Hik.DTO", "src\Hik.DTO\Hik.DTO.csproj", "{D7BDB00E-A45E-4539-B086-7176B39C9369}"
EndProject
Project("{9A19103F-16F7-4668-BE54-9A1E7A4F7556}") = "Job", "src\Job\Job.csproj", "{F96FB9D8-B2B6-44C5-90C9-34B5CB6A0C69}"
EndProject
Project("{9A19103F-16F7-4668-BE54-9A1E7A4F7556}") = "JobHost", "src\JobHost\JobHost.csproj", "{D261541B-BBAF-48BF-8B94-0E46690DBE03}"
EndProject
Project("{2150E333-8FDC-42A3-9474-1A3956D46DE8}") = "Tests", "Tests", "{15507225-11CE-4713-8452-3885F5A6F3E1}"
EndProject
Project("{9A19103F-16F7-4668-BE54-9A1E7A4F7556}") = "Job.Tests", "Tests\Job.Tests\Job.Tests.csproj", "{C3FE1EEF-59B1-4890-9389-43D90D9C3A43}"
EndProject
Project("{2150E333-8FDC-42A3-9474-1A3956D46DE8}") = "Solution Items", "Solution Items", "{E4D958FE-B559-4989-8F1B-A13207CEE32A}"
	ProjectSection(SolutionItems) = preProject
		.editorconfig = .editorconfig
	EndProjectSection
EndProject
Project("{9A19103F-16F7-4668-BE54-9A1E7A4F7556}") = "Hik.DataAccess.Tests", "Tests\Hik.DataAccess.Tests\Hik.DataAccess.Tests.csproj", "{6531F185-58E1-45A5-8F1F-CCFC74FE863A}"
EndProject
Project("{9A19103F-16F7-4668-BE54-9A1E7A4F7556}") = "Hik.Web.Queries", "src\Hik.Web.Queries\Hik.Web.Queries.csproj", "{910D74D3-AE54-4F50-A676-34F1F6024287}"
EndProject
Project("{9A19103F-16F7-4668-BE54-9A1E7A4F7556}") = "Hik.Web.Commands", "src\Hik.Web.Commands\Hik.Web.Commands.csproj", "{3C07F9D4-D12C-4BCB-A299-4714F4EF12A8}"
EndProject
Project("{9A19103F-16F7-4668-BE54-9A1E7A4F7556}") = "Hik.Quartz", "src\Hik.Quartz\Hik.Quartz.csproj", "{34CB6AA4-9C78-4005-92C3-6461690E8924}"
EndProject
Project("{9A19103F-16F7-4668-BE54-9A1E7A4F7556}") = "Hik.Helpers", "src\Hik.Helpers\Hik.Helpers.csproj", "{77CC4185-F504-4713-A564-A87592D4643A}"
EndProject
Project("{9A19103F-16F7-4668-BE54-9A1E7A4F7556}") = "Hik.Web.Queries.Tests", "Tests\Hik.Web.Queries.Tests\Hik.Web.Queries.Tests.csproj", "{548B0D13-0BA0-4181-9FDA-F97987B2975E}"
EndProject
Project("{9A19103F-16F7-4668-BE54-9A1E7A4F7556}") = "Hik.Web.Commands.Tests", "Tests\Hik.Web.Commands.Tests\Hik.Web.Commands.Tests.csproj", "{F48E0C80-9E9E-434A-BA06-5352BD50FC52}"
EndProject
Project("{9A19103F-16F7-4668-BE54-9A1E7A4F7556}") = "Hik.Web.Tests", "Tests\Hik.Web.Tests\Hik.Web.Tests.csproj", "{8EABE7CA-E55A-4E17-8689-62C6D0ECC275}"
EndProject
Global
	GlobalSection(SolutionConfigurationPlatforms) = preSolution
		Debug|x64 = Debug|x64
		Release|x64 = Release|x64
	EndGlobalSection
	GlobalSection(ProjectConfigurationPlatforms) = postSolution
		{1E49A7B7-1549-4566-84AA-A073179FE013}.Debug|x64.ActiveCfg = Debug|x64
		{1E49A7B7-1549-4566-84AA-A073179FE013}.Debug|x64.Build.0 = Debug|x64
		{1E49A7B7-1549-4566-84AA-A073179FE013}.Release|x64.ActiveCfg = Release|x64
		{1E49A7B7-1549-4566-84AA-A073179FE013}.Release|x64.Build.0 = Release|x64
		{941C4E4E-2898-4A78-AF93-7A7E6EB87DA3}.Debug|x64.ActiveCfg = Debug|x64
		{941C4E4E-2898-4A78-AF93-7A7E6EB87DA3}.Debug|x64.Build.0 = Debug|x64
		{941C4E4E-2898-4A78-AF93-7A7E6EB87DA3}.Release|x64.ActiveCfg = Release|x64
		{941C4E4E-2898-4A78-AF93-7A7E6EB87DA3}.Release|x64.Build.0 = Release|x64
		{398BC768-99BB-4601-AD47-A987EFFA0252}.Debug|x64.ActiveCfg = Debug|x64
		{398BC768-99BB-4601-AD47-A987EFFA0252}.Debug|x64.Build.0 = Debug|x64
		{398BC768-99BB-4601-AD47-A987EFFA0252}.Release|x64.ActiveCfg = Release|x64
		{398BC768-99BB-4601-AD47-A987EFFA0252}.Release|x64.Build.0 = Release|x64
		{FB2597F7-3808-4E1A-AC7B-A4426A57AFE7}.Debug|x64.ActiveCfg = Debug|x64
		{FB2597F7-3808-4E1A-AC7B-A4426A57AFE7}.Debug|x64.Build.0 = Debug|x64
		{FB2597F7-3808-4E1A-AC7B-A4426A57AFE7}.Release|x64.ActiveCfg = Release|x64
		{FB2597F7-3808-4E1A-AC7B-A4426A57AFE7}.Release|x64.Build.0 = Release|x64
		{D7BDB00E-A45E-4539-B086-7176B39C9369}.Debug|x64.ActiveCfg = Debug|x64
		{D7BDB00E-A45E-4539-B086-7176B39C9369}.Debug|x64.Build.0 = Debug|x64
		{D7BDB00E-A45E-4539-B086-7176B39C9369}.Release|x64.ActiveCfg = Release|x64
		{D7BDB00E-A45E-4539-B086-7176B39C9369}.Release|x64.Build.0 = Release|x64
		{F96FB9D8-B2B6-44C5-90C9-34B5CB6A0C69}.Debug|x64.ActiveCfg = Debug|x64
		{F96FB9D8-B2B6-44C5-90C9-34B5CB6A0C69}.Debug|x64.Build.0 = Debug|x64
		{F96FB9D8-B2B6-44C5-90C9-34B5CB6A0C69}.Release|x64.ActiveCfg = Release|x64
		{F96FB9D8-B2B6-44C5-90C9-34B5CB6A0C69}.Release|x64.Build.0 = Release|x64
		{D261541B-BBAF-48BF-8B94-0E46690DBE03}.Debug|x64.ActiveCfg = Debug|x64
		{D261541B-BBAF-48BF-8B94-0E46690DBE03}.Debug|x64.Build.0 = Debug|x64
		{D261541B-BBAF-48BF-8B94-0E46690DBE03}.Release|x64.ActiveCfg = Release|x64
		{D261541B-BBAF-48BF-8B94-0E46690DBE03}.Release|x64.Build.0 = Release|x64
		{C3FE1EEF-59B1-4890-9389-43D90D9C3A43}.Debug|x64.ActiveCfg = Debug|x64
		{C3FE1EEF-59B1-4890-9389-43D90D9C3A43}.Debug|x64.Build.0 = Debug|x64
		{C3FE1EEF-59B1-4890-9389-43D90D9C3A43}.Release|x64.ActiveCfg = Release|x64
		{C3FE1EEF-59B1-4890-9389-43D90D9C3A43}.Release|x64.Build.0 = Release|x64
		{6531F185-58E1-45A5-8F1F-CCFC74FE863A}.Debug|x64.ActiveCfg = Debug|x64
		{6531F185-58E1-45A5-8F1F-CCFC74FE863A}.Debug|x64.Build.0 = Debug|x64
		{6531F185-58E1-45A5-8F1F-CCFC74FE863A}.Release|x64.ActiveCfg = Release|x64
		{6531F185-58E1-45A5-8F1F-CCFC74FE863A}.Release|x64.Build.0 = Release|x64
		{910D74D3-AE54-4F50-A676-34F1F6024287}.Debug|x64.ActiveCfg = Debug|x64
		{910D74D3-AE54-4F50-A676-34F1F6024287}.Debug|x64.Build.0 = Debug|x64
		{910D74D3-AE54-4F50-A676-34F1F6024287}.Release|x64.ActiveCfg = Release|x64
		{910D74D3-AE54-4F50-A676-34F1F6024287}.Release|x64.Build.0 = Release|x64
		{3C07F9D4-D12C-4BCB-A299-4714F4EF12A8}.Debug|x64.ActiveCfg = Debug|x64
		{3C07F9D4-D12C-4BCB-A299-4714F4EF12A8}.Debug|x64.Build.0 = Debug|x64
		{3C07F9D4-D12C-4BCB-A299-4714F4EF12A8}.Release|x64.ActiveCfg = Release|x64
		{3C07F9D4-D12C-4BCB-A299-4714F4EF12A8}.Release|x64.Build.0 = Release|x64
		{34CB6AA4-9C78-4005-92C3-6461690E8924}.Debug|x64.ActiveCfg = Debug|x64
		{34CB6AA4-9C78-4005-92C3-6461690E8924}.Debug|x64.Build.0 = Debug|x64
		{34CB6AA4-9C78-4005-92C3-6461690E8924}.Release|x64.ActiveCfg = Release|x64
		{34CB6AA4-9C78-4005-92C3-6461690E8924}.Release|x64.Build.0 = Release|x64
		{77CC4185-F504-4713-A564-A87592D4643A}.Debug|x64.ActiveCfg = Debug|x64
		{77CC4185-F504-4713-A564-A87592D4643A}.Debug|x64.Build.0 = Debug|x64
		{77CC4185-F504-4713-A564-A87592D4643A}.Release|x64.ActiveCfg = Release|x64
		{77CC4185-F504-4713-A564-A87592D4643A}.Release|x64.Build.0 = Release|x64
		{548B0D13-0BA0-4181-9FDA-F97987B2975E}.Debug|x64.ActiveCfg = Debug|x64
		{548B0D13-0BA0-4181-9FDA-F97987B2975E}.Debug|x64.Build.0 = Debug|x64
		{548B0D13-0BA0-4181-9FDA-F97987B2975E}.Release|x64.ActiveCfg = Release|x64
		{548B0D13-0BA0-4181-9FDA-F97987B2975E}.Release|x64.Build.0 = Release|x64
		{F48E0C80-9E9E-434A-BA06-5352BD50FC52}.Debug|x64.ActiveCfg = Debug|x64
		{F48E0C80-9E9E-434A-BA06-5352BD50FC52}.Debug|x64.Build.0 = Debug|x64
		{F48E0C80-9E9E-434A-BA06-5352BD50FC52}.Release|x64.ActiveCfg = Release|x64
		{F48E0C80-9E9E-434A-BA06-5352BD50FC52}.Release|x64.Build.0 = Release|x64
		{8EABE7CA-E55A-4E17-8689-62C6D0ECC275}.Debug|x64.ActiveCfg = Debug|x64
		{8EABE7CA-E55A-4E17-8689-62C6D0ECC275}.Debug|x64.Build.0 = Debug|x64
		{8EABE7CA-E55A-4E17-8689-62C6D0ECC275}.Release|x64.ActiveCfg = Release|x64
		{8EABE7CA-E55A-4E17-8689-62C6D0ECC275}.Release|x64.Build.0 = Release|x64
	EndGlobalSection
	GlobalSection(SolutionProperties) = preSolution
		HideSolutionNode = FALSE
	EndGlobalSection
	GlobalSection(NestedProjects) = preSolution
		{941C4E4E-2898-4A78-AF93-7A7E6EB87DA3} = {15507225-11CE-4713-8452-3885F5A6F3E1}
		{C3FE1EEF-59B1-4890-9389-43D90D9C3A43} = {15507225-11CE-4713-8452-3885F5A6F3E1}
		{6531F185-58E1-45A5-8F1F-CCFC74FE863A} = {15507225-11CE-4713-8452-3885F5A6F3E1}
		{548B0D13-0BA0-4181-9FDA-F97987B2975E} = {15507225-11CE-4713-8452-3885F5A6F3E1}
		{F48E0C80-9E9E-434A-BA06-5352BD50FC52} = {15507225-11CE-4713-8452-3885F5A6F3E1}
		{8EABE7CA-E55A-4E17-8689-62C6D0ECC275} = {15507225-11CE-4713-8452-3885F5A6F3E1}
	EndGlobalSection
	GlobalSection(ExtensibilityGlobals) = postSolution
		SolutionGuid = {BC11C5EE-74C4-497D-9A6F-46A53EC063DF}
	EndGlobalSection
EndGlobal
