
Microsoft Visual Studio Solution File, Format Version 12.00
# Visual Studio Version 17
VisualStudioVersion = 17.0.31912.275
MinimumVisualStudioVersion = 10.0.40219.1
Project("{9A19103F-16F7-4668-BE54-9A1E7A4F7556}") = "Hik.Client", "src\Hik.Client\Hik.Client.csproj", "{1E49A7B7-1549-4566-84AA-A073179FE013}"
EndProject
Project("{9A19103F-16F7-4668-BE54-9A1E7A4F7556}") = "Hik.Client.Tests", "src\Hik.Tests\Hik.Client.Tests.csproj", "{941C4E4E-2898-4A78-AF93-7A7E6EB87DA3}"
EndProject
Project("{9A19103F-16F7-4668-BE54-9A1E7A4F7556}") = "Hik.DataAccess", "src\Hik.DataAccess\Hik.DataAccess.csproj", "{398BC768-99BB-4601-AD47-A987EFFA0252}"
EndProject
Project("{9A19103F-16F7-4668-BE54-9A1E7A4F7556}") = "Hik.Web", "src\Hik.Web\Hik.Web.csproj", "{FB2597F7-3808-4E1A-AC7B-A4426A57AFE7}"
EndProject
Project("{9A19103F-16F7-4668-BE54-9A1E7A4F7556}") = "Hik.DTO", "src\Hik.DTO\Hik.DTO.csproj", "{D7BDB00E-A45E-4539-B086-7176B39C9369}"
EndProject
Project("{9A19103F-16F7-4668-BE54-9A1E7A4F7556}") = "Job", "src\Job\Job.csproj", "{F96FB9D8-B2B6-44C5-90C9-34B5CB6A0C69}"
EndProject
Project("{9A19103F-16F7-4668-BE54-9A1E7A4F7556}") = "JobHost", "src\JobHost\JobHost.csproj", "{D261541B-BBAF-48BF-8B94-0E46690DBE03}"
EndProject
Global
	GlobalSection(SolutionConfigurationPlatforms) = preSolution
		Debug|Any CPU = Debug|Any CPU
		Release|Any CPU = Release|Any CPU
	EndGlobalSection
	GlobalSection(ProjectConfigurationPlatforms) = postSolution
		{1E49A7B7-1549-4566-84AA-A073179FE013}.Debug|Any CPU.ActiveCfg = Debug|Any CPU
		{1E49A7B7-1549-4566-84AA-A073179FE013}.Debug|Any CPU.Build.0 = Debug|Any CPU
		{1E49A7B7-1549-4566-84AA-A073179FE013}.Release|Any CPU.ActiveCfg = Release|Any CPU
		{1E49A7B7-1549-4566-84AA-A073179FE013}.Release|Any CPU.Build.0 = Release|Any CPU
		{941C4E4E-2898-4A78-AF93-7A7E6EB87DA3}.Debug|Any CPU.ActiveCfg = Debug|Any CPU
		{941C4E4E-2898-4A78-AF93-7A7E6EB87DA3}.Debug|Any CPU.Build.0 = Debug|Any CPU
		{941C4E4E-2898-4A78-AF93-7A7E6EB87DA3}.Release|Any CPU.ActiveCfg = Release|Any CPU
		{941C4E4E-2898-4A78-AF93-7A7E6EB87DA3}.Release|Any CPU.Build.0 = Release|Any CPU
		{398BC768-99BB-4601-AD47-A987EFFA0252}.Debug|Any CPU.ActiveCfg = Debug|Any CPU
		{398BC768-99BB-4601-AD47-A987EFFA0252}.Debug|Any CPU.Build.0 = Debug|Any CPU
		{398BC768-99BB-4601-AD47-A987EFFA0252}.Release|Any CPU.ActiveCfg = Release|Any CPU
		{398BC768-99BB-4601-AD47-A987EFFA0252}.Release|Any CPU.Build.0 = Release|Any CPU
		{FB2597F7-3808-4E1A-AC7B-A4426A57AFE7}.Debug|Any CPU.ActiveCfg = Debug|Any CPU
		{FB2597F7-3808-4E1A-AC7B-A4426A57AFE7}.Debug|Any CPU.Build.0 = Debug|Any CPU
		{FB2597F7-3808-4E1A-AC7B-A4426A57AFE7}.Release|Any CPU.ActiveCfg = Release|Any CPU
		{FB2597F7-3808-4E1A-AC7B-A4426A57AFE7}.Release|Any CPU.Build.0 = Release|Any CPU
		{D7BDB00E-A45E-4539-B086-7176B39C9369}.Debug|Any CPU.ActiveCfg = Debug|Any CPU
		{D7BDB00E-A45E-4539-B086-7176B39C9369}.Debug|Any CPU.Build.0 = Debug|Any CPU
		{D7BDB00E-A45E-4539-B086-7176B39C9369}.Release|Any CPU.ActiveCfg = Release|Any CPU
		{D7BDB00E-A45E-4539-B086-7176B39C9369}.Release|Any CPU.Build.0 = Release|Any CPU
		{F96FB9D8-B2B6-44C5-90C9-34B5CB6A0C69}.Debug|Any CPU.ActiveCfg = Debug|Any CPU
		{F96FB9D8-B2B6-44C5-90C9-34B5CB6A0C69}.Debug|Any CPU.Build.0 = Debug|Any CPU
		{F96FB9D8-B2B6-44C5-90C9-34B5CB6A0C69}.Release|Any CPU.ActiveCfg = Release|Any CPU
		{F96FB9D8-B2B6-44C5-90C9-34B5CB6A0C69}.Release|Any CPU.Build.0 = Release|Any CPU
		{D261541B-BBAF-48BF-8B94-0E46690DBE03}.Debug|Any CPU.ActiveCfg = Debug|Any CPU
		{D261541B-BBAF-48BF-8B94-0E46690DBE03}.Debug|Any CPU.Build.0 = Debug|Any CPU
		{D261541B-BBAF-48BF-8B94-0E46690DBE03}.Release|Any CPU.ActiveCfg = Release|Any CPU
		{D261541B-BBAF-48BF-8B94-0E46690DBE03}.Release|Any CPU.Build.0 = Release|Any CPU
	EndGlobalSection
	GlobalSection(SolutionProperties) = preSolution
		HideSolutionNode = FALSE
	EndGlobalSection
	GlobalSection(ExtensibilityGlobals) = postSolution
		SolutionGuid = {BC11C5EE-74C4-497D-9A6F-46A53EC063DF}
	EndGlobalSection
EndGlobal
