
Microsoft Visual Studio Solution File, Format Version 12.00
# Visual Studio Version 16
VisualStudioVersion = 16.0.29509.3
MinimumVisualStudioVersion = 10.0.40219.1
Project("{9A19103F-16F7-4668-BE54-9A1E7A4F7556}") = "HikConsole", "src\HikConsole\HikConsole.csproj", "{1E49A7B7-1549-4566-84AA-A073179FE013}"
EndProject
Project("{9A19103F-16F7-4668-BE54-9A1E7A4F7556}") = "HikConsole.Tests", "src\HikConsole.Tests\HikConsole.Tests.csproj", "{941C4E4E-2898-4A78-AF93-7A7E6EB87DA3}"
EndProject
Project("{9A19103F-16F7-4668-BE54-9A1E7A4F7556}") = "HikApi", "src\HikApi\HikApi.csproj", "{A20ACAAD-3970-4224-B984-6FBD6321FB85}"
EndProject
Project("{9A19103F-16F7-4668-BE54-9A1E7A4F7556}") = "HikConsole.DataAccess", "src\HikConsole.DataAccess\HikConsole.DataAccess.csproj", "{398BC768-99BB-4601-AD47-A987EFFA0252}"
EndProject
Project("{00D1A9C2-B5F0-4AF3-8072-F6C62B433612}") = "HikConsole.DataBase", "src\HikConsole.DataBase\HikConsole.DataBase.sqlproj", "{63527109-B9D4-4ECF-B571-791EEB2DDD1D}"
EndProject
Project("{9A19103F-16F7-4668-BE54-9A1E7A4F7556}") = "HikWeb", "src\HikWeb\HikWeb.csproj", "{FB2597F7-3808-4E1A-AC7B-A4426A57AFE7}"
EndProject
Global
	GlobalSection(SolutionConfigurationPlatforms) = preSolution
		Debug|Any CPU = Debug|Any CPU
		Release|Any CPU = Release|Any CPU
	EndGlobalSection
	GlobalSection(ProjectConfigurationPlatforms) = postSolution
		{1E49A7B7-1549-4566-84AA-A073179FE013}.Debug|Any CPU.ActiveCfg = Debug|Any CPU
		{1E49A7B7-1549-4566-84AA-A073179FE013}.Debug|Any CPU.Build.0 = Debug|Any CPU
		{1E49A7B7-1549-4566-84AA-A073179FE013}.Release|Any CPU.ActiveCfg = Release|Any CPU
		{1E49A7B7-1549-4566-84AA-A073179FE013}.Release|Any CPU.Build.0 = Release|Any CPU
		{941C4E4E-2898-4A78-AF93-7A7E6EB87DA3}.Debug|Any CPU.ActiveCfg = Debug|Any CPU
		{941C4E4E-2898-4A78-AF93-7A7E6EB87DA3}.Debug|Any CPU.Build.0 = Debug|Any CPU
		{941C4E4E-2898-4A78-AF93-7A7E6EB87DA3}.Release|Any CPU.ActiveCfg = Release|Any CPU
		{941C4E4E-2898-4A78-AF93-7A7E6EB87DA3}.Release|Any CPU.Build.0 = Release|Any CPU
		{A20ACAAD-3970-4224-B984-6FBD6321FB85}.Debug|Any CPU.ActiveCfg = Debug|Any CPU
		{A20ACAAD-3970-4224-B984-6FBD6321FB85}.Debug|Any CPU.Build.0 = Debug|Any CPU
		{A20ACAAD-3970-4224-B984-6FBD6321FB85}.Release|Any CPU.ActiveCfg = Release|Any CPU
		{A20ACAAD-3970-4224-B984-6FBD6321FB85}.Release|Any CPU.Build.0 = Release|Any CPU
		{398BC768-99BB-4601-AD47-A987EFFA0252}.Debug|Any CPU.ActiveCfg = Debug|Any CPU
		{398BC768-99BB-4601-AD47-A987EFFA0252}.Debug|Any CPU.Build.0 = Debug|Any CPU
		{398BC768-99BB-4601-AD47-A987EFFA0252}.Release|Any CPU.ActiveCfg = Release|Any CPU
		{398BC768-99BB-4601-AD47-A987EFFA0252}.Release|Any CPU.Build.0 = Release|Any CPU
		{63527109-B9D4-4ECF-B571-791EEB2DDD1D}.Debug|Any CPU.ActiveCfg = Debug|Any CPU
		{63527109-B9D4-4ECF-B571-791EEB2DDD1D}.Debug|Any CPU.Build.0 = Debug|Any CPU
		{63527109-B9D4-4ECF-B571-791EEB2DDD1D}.Debug|Any CPU.Deploy.0 = Debug|Any CPU
		{63527109-B9D4-4ECF-B571-791EEB2DDD1D}.Release|Any CPU.ActiveCfg = Release|Any CPU
		{63527109-B9D4-4ECF-B571-791EEB2DDD1D}.Release|Any CPU.Build.0 = Release|Any CPU
		{63527109-B9D4-4ECF-B571-791EEB2DDD1D}.Release|Any CPU.Deploy.0 = Release|Any CPU
		{FB2597F7-3808-4E1A-AC7B-A4426A57AFE7}.Debug|Any CPU.ActiveCfg = Debug|Any CPU
		{FB2597F7-3808-4E1A-AC7B-A4426A57AFE7}.Debug|Any CPU.Build.0 = Debug|Any CPU
		{FB2597F7-3808-4E1A-AC7B-A4426A57AFE7}.Release|Any CPU.ActiveCfg = Release|Any CPU
		{FB2597F7-3808-4E1A-AC7B-A4426A57AFE7}.Release|Any CPU.Build.0 = Release|Any CPU
	EndGlobalSection
	GlobalSection(SolutionProperties) = preSolution
		HideSolutionNode = FALSE
	EndGlobalSection
	GlobalSection(ExtensibilityGlobals) = postSolution
		SolutionGuid = {BC11C5EE-74C4-497D-9A6F-46A53EC063DF}
	EndGlobalSection
EndGlobal
